
Microsoft Visual Studio Solution File, Format Version 12.00
# Visual Studio 2013
VisualStudioVersion = 12.0.21005.1
MinimumVisualStudioVersion = 10.0.40219.1
Project("{2150E333-8FDC-42A3-9474-1A3956D46DE8}") = "2.Data", "2.Data", "{3B5F5ADB-00A0-4CD2-B108-1F3CB17F5DD5}"
EndProject
Project("{2150E333-8FDC-42A3-9474-1A3956D46DE8}") = "3.Service", "3.Service", "{E54CEAFE-78E8-4FCC-80BE-57DC72DB49B5}"
EndProject
Project("{2150E333-8FDC-42A3-9474-1A3956D46DE8}") = "4.Web", "4.Web", "{9C1C1CC5-1CCC-4A62-886D-47FB628C1C23}"
EndProject
Project("{2150E333-8FDC-42A3-9474-1A3956D46DE8}") = "1.Util", "1.Util", "{8487B515-AF72-42A2-BFE8-20256BB8843F}"
EndProject
Project("{FAE04EC0-301F-11D3-BF4B-00C04F79EFBC}") = "VMS.Web", "VMS.Web\VMS.Web.csproj", "{02E54659-64B2-4A5C-A3AB-86F748D09812}"
EndProject
Project("{FAE04EC0-301F-11D3-BF4B-00C04F79EFBC}") = "VMS.Utils", "VMS.Utils\VMS.Utils.csproj", "{908A1B5B-CF21-47F8-8637-A52707511261}"
EndProject
Project("{FAE04EC0-301F-11D3-BF4B-00C04F79EFBC}") = "VMS.IServices", "VMS.IServices\VMS.IServices.csproj", "{FF161174-F0DD-4AD4-A09E-B20110710FFE}"
EndProject
Project("{FAE04EC0-301F-11D3-BF4B-00C04F79EFBC}") = "VMS.Services", "VMS.Services\VMS.Services.csproj", "{430C6F8E-95B0-495A-9B16-5F4D78E48DA0}"
EndProject
Project("{FAE04EC0-301F-11D3-BF4B-00C04F79EFBC}") = "VMS.DataBase", "VMS.DataBase\VMS.DataBase.csproj", "{F4247C06-E58F-485A-88CA-BA9F3CE43D5D}"
EndProject
Project("{FAE04EC0-301F-11D3-BF4B-00C04F79EFBC}") = "VMS.Model", "VMS.Model\VMS.Model.csproj", "{9FB35C62-9270-4151-8C6D-C1F56BC09AB9}"
EndProject
Project("{FAE04EC0-301F-11D3-BF4B-00C04F79EFBC}") = "VMS.DTO", "VSM.DTO\VMS.DTO.csproj", "{E63E5E2C-3725-445C-9C4D-FD66D5797B48}"
EndProject
Project("{FAE04EC0-301F-11D3-BF4B-00C04F79EFBC}") = "VMS.ServiceProvider", "VMS.ServiceProvider\VMS.ServiceProvider.csproj", "{FB1FD5B4-BA8F-448B-83CE-9F1A886FE85E}"
EndProject
Global
	GlobalSection(SolutionConfigurationPlatforms) = preSolution
		Debug|Any CPU = Debug|Any CPU
		Release|Any CPU = Release|Any CPU
	EndGlobalSection
	GlobalSection(ProjectConfigurationPlatforms) = postSolution
		{02E54659-64B2-4A5C-A3AB-86F748D09812}.Debug|Any CPU.ActiveCfg = Debug|Any CPU
		{02E54659-64B2-4A5C-A3AB-86F748D09812}.Debug|Any CPU.Build.0 = Debug|Any CPU
		{02E54659-64B2-4A5C-A3AB-86F748D09812}.Release|Any CPU.ActiveCfg = Release|Any CPU
		{02E54659-64B2-4A5C-A3AB-86F748D09812}.Release|Any CPU.Build.0 = Release|Any CPU
		{908A1B5B-CF21-47F8-8637-A52707511261}.Debug|Any CPU.ActiveCfg = Debug|Any CPU
		{908A1B5B-CF21-47F8-8637-A52707511261}.Debug|Any CPU.Build.0 = Debug|Any CPU
		{908A1B5B-CF21-47F8-8637-A52707511261}.Release|Any CPU.ActiveCfg = Release|Any CPU
		{908A1B5B-CF21-47F8-8637-A52707511261}.Release|Any CPU.Build.0 = Release|Any CPU
		{FF161174-F0DD-4AD4-A09E-B20110710FFE}.Debug|Any CPU.ActiveCfg = Debug|Any CPU
		{FF161174-F0DD-4AD4-A09E-B20110710FFE}.Debug|Any CPU.Build.0 = Debug|Any CPU
		{FF161174-F0DD-4AD4-A09E-B20110710FFE}.Release|Any CPU.ActiveCfg = Release|Any CPU
		{FF161174-F0DD-4AD4-A09E-B20110710FFE}.Release|Any CPU.Build.0 = Release|Any CPU
		{430C6F8E-95B0-495A-9B16-5F4D78E48DA0}.Debug|Any CPU.ActiveCfg = Debug|Any CPU
		{430C6F8E-95B0-495A-9B16-5F4D78E48DA0}.Debug|Any CPU.Build.0 = Debug|Any CPU
		{430C6F8E-95B0-495A-9B16-5F4D78E48DA0}.Release|Any CPU.ActiveCfg = Release|Any CPU
		{430C6F8E-95B0-495A-9B16-5F4D78E48DA0}.Release|Any CPU.Build.0 = Release|Any CPU
		{F4247C06-E58F-485A-88CA-BA9F3CE43D5D}.Debug|Any CPU.ActiveCfg = Debug|Any CPU
		{F4247C06-E58F-485A-88CA-BA9F3CE43D5D}.Debug|Any CPU.Build.0 = Debug|Any CPU
		{F4247C06-E58F-485A-88CA-BA9F3CE43D5D}.Release|Any CPU.ActiveCfg = Release|Any CPU
		{F4247C06-E58F-485A-88CA-BA9F3CE43D5D}.Release|Any CPU.Build.0 = Release|Any CPU
		{9FB35C62-9270-4151-8C6D-C1F56BC09AB9}.Debug|Any CPU.ActiveCfg = Debug|Any CPU
		{9FB35C62-9270-4151-8C6D-C1F56BC09AB9}.Debug|Any CPU.Build.0 = Debug|Any CPU
		{9FB35C62-9270-4151-8C6D-C1F56BC09AB9}.Release|Any CPU.ActiveCfg = Release|Any CPU
		{9FB35C62-9270-4151-8C6D-C1F56BC09AB9}.Release|Any CPU.Build.0 = Release|Any CPU
		{E63E5E2C-3725-445C-9C4D-FD66D5797B48}.Debug|Any CPU.ActiveCfg = Debug|Any CPU
		{E63E5E2C-3725-445C-9C4D-FD66D5797B48}.Debug|Any CPU.Build.0 = Debug|Any CPU
		{E63E5E2C-3725-445C-9C4D-FD66D5797B48}.Release|Any CPU.ActiveCfg = Release|Any CPU
		{E63E5E2C-3725-445C-9C4D-FD66D5797B48}.Release|Any CPU.Build.0 = Release|Any CPU
		{FB1FD5B4-BA8F-448B-83CE-9F1A886FE85E}.Debug|Any CPU.ActiveCfg = Debug|Any CPU
		{FB1FD5B4-BA8F-448B-83CE-9F1A886FE85E}.Debug|Any CPU.Build.0 = Debug|Any CPU
		{FB1FD5B4-BA8F-448B-83CE-9F1A886FE85E}.Release|Any CPU.ActiveCfg = Release|Any CPU
		{FB1FD5B4-BA8F-448B-83CE-9F1A886FE85E}.Release|Any CPU.Build.0 = Release|Any CPU
	EndGlobalSection
	GlobalSection(SolutionProperties) = preSolution
		HideSolutionNode = FALSE
	EndGlobalSection
	GlobalSection(NestedProjects) = preSolution
		{F4247C06-E58F-485A-88CA-BA9F3CE43D5D} = {3B5F5ADB-00A0-4CD2-B108-1F3CB17F5DD5}
		{9FB35C62-9270-4151-8C6D-C1F56BC09AB9} = {3B5F5ADB-00A0-4CD2-B108-1F3CB17F5DD5}
		{E63E5E2C-3725-445C-9C4D-FD66D5797B48} = {3B5F5ADB-00A0-4CD2-B108-1F3CB17F5DD5}
		{FF161174-F0DD-4AD4-A09E-B20110710FFE} = {E54CEAFE-78E8-4FCC-80BE-57DC72DB49B5}
		{430C6F8E-95B0-495A-9B16-5F4D78E48DA0} = {E54CEAFE-78E8-4FCC-80BE-57DC72DB49B5}
		{FB1FD5B4-BA8F-448B-83CE-9F1A886FE85E} = {E54CEAFE-78E8-4FCC-80BE-57DC72DB49B5}
		{02E54659-64B2-4A5C-A3AB-86F748D09812} = {9C1C1CC5-1CCC-4A62-886D-47FB628C1C23}
		{908A1B5B-CF21-47F8-8637-A52707511261} = {8487B515-AF72-42A2-BFE8-20256BB8843F}
	EndGlobalSection
EndGlobal
